
Microsoft Visual Studio Solution File, Format Version 12.00
# Visual Studio 2015
Project("{FAE04EC0-301F-11D3-BF4B-00C04F79EFBC}") = "BioSystem", "BioSystem.csproj", "{0ED6B8EB-C943-6B41-A72B-5C06A318D684}"
EndProject
Global
	GlobalSection(SolutionConfigurationPlatforms) = preSolution
		Debug|Any CPU = Debug|Any CPU
		Release|Any CPU = Release|Any CPU
	EndGlobalSection
	GlobalSection(ProjectConfigurationPlatforms) = postSolution
		{0ED6B8EB-C943-6B41-A72B-5C06A318D684}.Debug|Any CPU.ActiveCfg = Debug|Any CPU
		{0ED6B8EB-C943-6B41-A72B-5C06A318D684}.Debug|Any CPU.Build.0 = Debug|Any CPU
		{0ED6B8EB-C943-6B41-A72B-5C06A318D684}.Release|Any CPU.ActiveCfg = Release|Any CPU
		{0ED6B8EB-C943-6B41-A72B-5C06A318D684}.Release|Any CPU.Build.0 = Release|Any CPU
	EndGlobalSection
	GlobalSection(SolutionProperties) = preSolution
		HideSolutionNode = FALSE
	EndGlobalSection
EndGlobal
